
Microsoft Visual Studio Solution File, Format Version 12.00
# Visual Studio Version 16
VisualStudioVersion = 16.0.31515.178
MinimumVisualStudioVersion = 10.0.40219.1
Project("{FAE04EC0-301F-11D3-BF4B-00C04F79EFBC}") = "Experimental", "Experimental\Experimental.csproj", "{A79498C5-AA7A-497E-AAEE-08936F20FC66}"
EndProject
Project("{FAE04EC0-301F-11D3-BF4B-00C04F79EFBC}") = "SophosRESTConnector", "SophosRESTConnector\SophosRESTConnector.csproj", "{4EEEFEE9-1CCC-402D-9184-C762FF58DD2C}"
EndProject
Global
	GlobalSection(SolutionConfigurationPlatforms) = preSolution
		Debug|Any CPU = Debug|Any CPU
		Release|Any CPU = Release|Any CPU
	EndGlobalSection
	GlobalSection(ProjectConfigurationPlatforms) = postSolution
		{A79498C5-AA7A-497E-AAEE-08936F20FC66}.Debug|Any CPU.ActiveCfg = Debug|Any CPU
		{A79498C5-AA7A-497E-AAEE-08936F20FC66}.Debug|Any CPU.Build.0 = Debug|Any CPU
		{A79498C5-AA7A-497E-AAEE-08936F20FC66}.Release|Any CPU.ActiveCfg = Release|Any CPU
		{A79498C5-AA7A-497E-AAEE-08936F20FC66}.Release|Any CPU.Build.0 = Release|Any CPU
		{4EEEFEE9-1CCC-402D-9184-C762FF58DD2C}.Debug|Any CPU.ActiveCfg = Debug|Any CPU
		{4EEEFEE9-1CCC-402D-9184-C762FF58DD2C}.Debug|Any CPU.Build.0 = Debug|Any CPU
		{4EEEFEE9-1CCC-402D-9184-C762FF58DD2C}.Release|Any CPU.ActiveCfg = Release|Any CPU
		{4EEEFEE9-1CCC-402D-9184-C762FF58DD2C}.Release|Any CPU.Build.0 = Release|Any CPU
	EndGlobalSection
	GlobalSection(SolutionProperties) = preSolution
		HideSolutionNode = FALSE
	EndGlobalSection
	GlobalSection(ExtensibilityGlobals) = postSolution
		SolutionGuid = {0AAD19F0-585D-4D4C-85FE-4DFEEFA782B4}
	EndGlobalSection
EndGlobal
